
Microsoft Visual Studio Solution File, Format Version 12.00
# Visual Studio Version 17
VisualStudioVersion = 17.10.35122.118
MinimumVisualStudioVersion = 10.0.40219.1
Project("{FAE04EC0-301F-11D3-BF4B-00C04F79EFBC}") = "tpi-progIII", "tpi-progIII.csproj", "{89BF73EE-E0EF-4C91-9591-50A744427E6B}"
EndProject
Project("{FAE04EC0-301F-11D3-BF4B-00C04F79EFBC}") = "Domain", "..\Domain\Domain.csproj", "{BC71D54B-0098-4DF7-A3F3-BEB004655F94}"
EndProject
Project("{FAE04EC0-301F-11D3-BF4B-00C04F79EFBC}") = "Application", "..\Application\Application.csproj", "{C16B12AF-3978-4B22-B5B9-BE692601E6F5}"
EndProject
Project("{FAE04EC0-301F-11D3-BF4B-00C04F79EFBC}") = "Infrastructure", "..\Infrastructure\Infrastructure.csproj", "{59939F0A-BFBF-42F9-AAF0-E156BEF8E8FB}"
EndProject
Global
	GlobalSection(SolutionConfigurationPlatforms) = preSolution
		Debug|Any CPU = Debug|Any CPU
		Release|Any CPU = Release|Any CPU
	EndGlobalSection
	GlobalSection(ProjectConfigurationPlatforms) = postSolution
		{89BF73EE-E0EF-4C91-9591-50A744427E6B}.Debug|Any CPU.ActiveCfg = Debug|Any CPU
		{89BF73EE-E0EF-4C91-9591-50A744427E6B}.Debug|Any CPU.Build.0 = Debug|Any CPU
		{89BF73EE-E0EF-4C91-9591-50A744427E6B}.Release|Any CPU.ActiveCfg = Release|Any CPU
		{89BF73EE-E0EF-4C91-9591-50A744427E6B}.Release|Any CPU.Build.0 = Release|Any CPU
		{BC71D54B-0098-4DF7-A3F3-BEB004655F94}.Debug|Any CPU.ActiveCfg = Debug|Any CPU
		{BC71D54B-0098-4DF7-A3F3-BEB004655F94}.Debug|Any CPU.Build.0 = Debug|Any CPU
		{BC71D54B-0098-4DF7-A3F3-BEB004655F94}.Release|Any CPU.ActiveCfg = Release|Any CPU
		{BC71D54B-0098-4DF7-A3F3-BEB004655F94}.Release|Any CPU.Build.0 = Release|Any CPU
		{C16B12AF-3978-4B22-B5B9-BE692601E6F5}.Debug|Any CPU.ActiveCfg = Debug|Any CPU
		{C16B12AF-3978-4B22-B5B9-BE692601E6F5}.Debug|Any CPU.Build.0 = Debug|Any CPU
		{C16B12AF-3978-4B22-B5B9-BE692601E6F5}.Release|Any CPU.ActiveCfg = Release|Any CPU
		{C16B12AF-3978-4B22-B5B9-BE692601E6F5}.Release|Any CPU.Build.0 = Release|Any CPU
		{59939F0A-BFBF-42F9-AAF0-E156BEF8E8FB}.Debug|Any CPU.ActiveCfg = Debug|Any CPU
		{59939F0A-BFBF-42F9-AAF0-E156BEF8E8FB}.Debug|Any CPU.Build.0 = Debug|Any CPU
		{59939F0A-BFBF-42F9-AAF0-E156BEF8E8FB}.Release|Any CPU.ActiveCfg = Release|Any CPU
		{59939F0A-BFBF-42F9-AAF0-E156BEF8E8FB}.Release|Any CPU.Build.0 = Release|Any CPU
	EndGlobalSection
	GlobalSection(SolutionProperties) = preSolution
		HideSolutionNode = FALSE
	EndGlobalSection
	GlobalSection(ExtensibilityGlobals) = postSolution
		SolutionGuid = {B1C661D5-E2F5-4C22-A18D-C9F52848006A}
	EndGlobalSection
EndGlobal
